
Microsoft Visual Studio Solution File, Format Version 12.00
# Visual Studio Version 17
VisualStudioVersion = 17.3.32929.385
MinimumVisualStudioVersion = 10.0.40219.1
Project("{FAE04EC0-301F-11D3-BF4B-00C04F79EFBC}") = "Exercice1", "Exercice1\Exercice1.csproj", "{CEC27758-8838-4289-9FA4-A732431771EF}"
EndProject
Global
	GlobalSection(SolutionConfigurationPlatforms) = preSolution
		Debug|Any CPU = Debug|Any CPU
		Release|Any CPU = Release|Any CPU
	EndGlobalSection
	GlobalSection(ProjectConfigurationPlatforms) = postSolution
		{CEC27758-8838-4289-9FA4-A732431771EF}.Debug|Any CPU.ActiveCfg = Debug|Any CPU
		{CEC27758-8838-4289-9FA4-A732431771EF}.Debug|Any CPU.Build.0 = Debug|Any CPU
		{CEC27758-8838-4289-9FA4-A732431771EF}.Release|Any CPU.ActiveCfg = Release|Any CPU
		{CEC27758-8838-4289-9FA4-A732431771EF}.Release|Any CPU.Build.0 = Release|Any CPU
	EndGlobalSection
	GlobalSection(SolutionProperties) = preSolution
		HideSolutionNode = FALSE
	EndGlobalSection
	GlobalSection(ExtensibilityGlobals) = postSolution
		SolutionGuid = {8DCE5ACA-F006-40AE-B625-00887E2F676C}
	EndGlobalSection
EndGlobal
